// !$*UTF8*$!
{
	archiveVersion = 1;
	classes = {
	};
	objectVersion = 100;
	objects = {

/* Begin PBXBuildFile section */
		754FB91A2F852AB10031410B /* LLM in Frameworks */ = {isa = PBXBuildFile; productRef = 754FB9192F852AB10031410B /* LLM */; };
		75C0A0032F852AB100314102 /* ObjectBox.xcframework in Frameworks */ = {isa = PBXBuildFile; productRef = 75C0A0022F852AB100314101 /* ObjectBox.xcframework */; };
/* End PBXBuildFile section */

/* Begin PBXContainerItemProxy section */
		759BA9732F84AE4C004F1504 /* PBXContainerItemProxy */ = {
			isa = PBXContainerItemProxy;
			containerPortal = 759BA95C2F84AE4B004F1504 /* Project object */;
			proxyType = 1;
			remoteGlobalIDString = 759BA9632F84AE4B004F1504;
			remoteInfo = NuraSafe;
		};
		759BA97D2F84AE4C004F1504 /* PBXContainerItemProxy */ = {
			isa = PBXContainerItemProxy;
			containerPortal = 759BA95C2F84AE4B004F1504 /* Project object */;
			proxyType = 1;
			remoteGlobalIDString = 759BA9632F84AE4B004F1504;
			remoteInfo = NuraSafe;
		};
/* End PBXContainerItemProxy section */

/* Begin PBXFileReference section */
		759BA9642F84AE4B004F1504 /* NuraSafe.app */ = {isa = PBXFileReference; explicitFileType = wrapper.application; includeInIndex = 0; path = NuraSafe.app; sourceTree = BUILT_PRODUCTS_DIR; };
		759BA9722F84AE4C004F1504 /* NuraSafeTests.xctest */ = {isa = PBXFileReference; explicitFileType = wrapper.cfbundle; includeInIndex = 0; path = NuraSafeTests.xctest; sourceTree = BUILT_PRODUCTS_DIR; };
		759BA97C2F84AE4C004F1504 /* NuraSafeUITests.xctest */ = {isa = PBXFileReference; explicitFileType = wrapper.cfbundle; includeInIndex = 0; path = NuraSafeUITests.xctest; sourceTree = BUILT_PRODUCTS_DIR; };
/* End PBXFileReference section */

/* Begin PBXFileSystemSynchronizedRootGroup section */
		759BA9662F84AE4B004F1504 /* NuraSafe */ = {
			isa = PBXFileSystemSynchronizedRootGroup;
			path = NuraSafe;
			sourceTree = "<group>";
		};
		759BA9752F84AE4C004F1504 /* NuraSafeTests */ = {
			isa = PBXFileSystemSynchronizedRootGroup;
			path = NuraSafeTests;
			sourceTree = "<group>";
		};
		759BA97F2F84AE4C004F1504 /* NuraSafeUITests */ = {
			isa = PBXFileSystemSynchronizedRootGroup;
			path = NuraSafeUITests;
			sourceTree = "<group>";
		};
/* End PBXFileSystemSynchronizedRootGroup section */

/* Begin PBXFrameworksBuildPhase section */
		759BA9612F84AE4B004F1504 /* Frameworks */ = {
			isa = PBXFrameworksBuildPhase;
			files = (
				75C0A0032F852AB100314102 /* ObjectBox.xcframework in Frameworks */,
				754FB91A2F852AB10031410B /* LLM in Frameworks */,
			);
		};
		759BA96F2F84AE4C004F1504 /* Frameworks */ = {
			isa = PBXFrameworksBuildPhase;
			files = (
			);
		};
		759BA9792F84AE4C004F1504 /* Frameworks */ = {
			isa = PBXFrameworksBuildPhase;
			files = (
			);
		};
/* End PBXFrameworksBuildPhase section */

/* Begin PBXGroup section */
		756472B82F85056A003C278D /* Frameworks */ = {
			isa = PBXGroup;
			children = (
			);
			name = Frameworks;
			sourceTree = "<group>";
		};
		759BA95B2F84AE4B004F1504 = {
			isa = PBXGroup;
			children = (
				759BA9662F84AE4B004F1504 /* NuraSafe */,
				759BA9752F84AE4C004F1504 /* NuraSafeTests */,
				759BA97F2F84AE4C004F1504 /* NuraSafeUITests */,
				756472B82F85056A003C278D /* Frameworks */,
				759BA9652F84AE4B004F1504 /* Products */,
			);
			sourceTree = "<group>";
		};
		759BA9652F84AE4B004F1504 /* Products */ = {
			isa = PBXGroup;
			children = (
				759BA9642F84AE4B004F1504 /* NuraSafe.app */,
				759BA9722F84AE4C004F1504 /* NuraSafeTests.xctest */,
				759BA97C2F84AE4C004F1504 /* NuraSafeUITests.xctest */,
			);
			name = Products;
			sourceTree = "<group>";
		};
/* End PBXGroup section */

/* Begin PBXNativeTarget section */
		759BA9632F84AE4B004F1504 /* NuraSafe */ = {
			isa = PBXNativeTarget;
			buildConfigurationList = 759BA9862F84AE4C004F1504 /* Build configuration list for PBXNativeTarget "NuraSafe" */;
			buildPhases = (
				759BA9602F84AE4B004F1504 /* Sources */,
				759BA9612F84AE4B004F1504 /* Frameworks */,
				759BA9622F84AE4B004F1504 /* Resources */,
			);
			buildRules = (
			);
			fileSystemSynchronizedGroups = (
				759BA9662F84AE4B004F1504 /* NuraSafe */,
			);
			name = NuraSafe;
			packageProductDependencies = (
				75C0A0022F852AB100314101 /* ObjectBox.xcframework */,
				754FB9192F852AB10031410B /* LLM */,
			);
			productName = NuraSafe;
			productReference = 759BA9642F84AE4B004F1504 /* NuraSafe.app */;
			productType = "com.apple.product-type.application";
		};
		759BA9712F84AE4C004F1504 /* NuraSafeTests */ = {
			isa = PBXNativeTarget;
			buildConfigurationList = 759BA9892F84AE4C004F1504 /* Build configuration list for PBXNativeTarget "NuraSafeTests" */;
			buildPhases = (
				759BA96E2F84AE4C004F1504 /* Sources */,
				759BA96F2F84AE4C004F1504 /* Frameworks */,
				759BA9702F84AE4C004F1504 /* Resources */,
			);
			buildRules = (
			);
			dependencies = (
				759BA9742F84AE4C004F1504 /* PBXTargetDependency */,
			);
			fileSystemSynchronizedGroups = (
				759BA9752F84AE4C004F1504 /* NuraSafeTests */,
			);
			name = NuraSafeTests;
			productName = NuraSafeTests;
			productReference = 759BA9722F84AE4C004F1504 /* NuraSafeTests.xctest */;
			productType = "com.apple.product-type.bundle.unit-test";
		};
		759BA97B2F84AE4C004F1504 /* NuraSafeUITests */ = {
			isa = PBXNativeTarget;
			buildConfigurationList = 759BA98C2F84AE4C004F1504 /* Build configuration list for PBXNativeTarget "NuraSafeUITests" */;
			buildPhases = (
				759BA9782F84AE4C004F1504 /* Sources */,
				759BA9792F84AE4C004F1504 /* Frameworks */,
				759BA97A2F84AE4C004F1504 /* Resources */,
			);
			buildRules = (
			);
			dependencies = (
				759BA97E2F84AE4C004F1504 /* PBXTargetDependency */,
			);
			fileSystemSynchronizedGroups = (
				759BA97F2F84AE4C004F1504 /* NuraSafeUITests */,
			);
			name = NuraSafeUITests;
			productName = NuraSafeUITests;
			productReference = 759BA97C2F84AE4C004F1504 /* NuraSafeUITests.xctest */;
			productType = "com.apple.product-type.bundle.ui-testing";
		};
/* End PBXNativeTarget section */

/* Begin PBXProject section */
		759BA95C2F84AE4B004F1504 /* Project object */ = {
			isa = PBXProject;
			attributes = {
				BuildIndependentTargetsInParallel = 1;
				LastSwiftUpdateCheck = 1640;
				LastUpgradeCheck = 1640;
				TargetAttributes = {
					759BA9632F84AE4B004F1504 = {
						CreatedOnToolsVersion = 16.4;
					};
					759BA9712F84AE4C004F1504 = {
						CreatedOnToolsVersion = 16.4;
						TestTargetID = 759BA9632F84AE4B004F1504;
					};
					759BA97B2F84AE4C004F1504 = {
						CreatedOnToolsVersion = 16.4;
						TestTargetID = 759BA9632F84AE4B004F1504;
					};
				};
			};
			buildConfigurationList = 759BA95F2F84AE4B004F1504 /* Build configuration list for PBXProject "NuraSafe" */;
			developmentRegion = en;
			hasScannedForEncodings = 0;
			knownRegions = (
				en,
				Base,
			);
			mainGroup = 759BA95B2F84AE4B004F1504;
			minimizedProjectReferenceProxies = 1;
			packageReferences = (
				75C0A0012F852AB100314100 /* XCRemoteSwiftPackageReference "objectbox-swift-spm" */,
				754FB9182F852AB10031410B /* XCLocalSwiftPackageReference "LocalPackages/LLM" */,
			);
			preferredProjectObjectVersion = 100;
			productRefGroup = 759BA9652F84AE4B004F1504 /* Products */;
			projectDirPath = "";
			projectRoot = "";
			targets = (
				759BA9632F84AE4B004F1504 /* NuraSafe */,
				759BA9712F84AE4C004F1504 /* NuraSafeTests */,
				759BA97B2F84AE4C004F1504 /* NuraSafeUITests */,
			);
		};
/* End PBXProject section */

/* Begin PBXResourcesBuildPhase section */
		759BA9622F84AE4B004F1504 /* Resources */ = {
			isa = PBXResourcesBuildPhase;
			files = (
			);
		};
		759BA9702F84AE4C004F1504 /* Resources */ = {
			isa = PBXResourcesBuildPhase;
			files = (
			);
		};
		759BA97A2F84AE4C004F1504 /* Resources */ = {
			isa = PBXResourcesBuildPhase;
			files = (
			);
		};
/* End PBXResourcesBuildPhase section */

/* Begin PBXSourcesBuildPhase section */
		759BA9602F84AE4B004F1504 /* Sources */ = {
			isa = PBXSourcesBuildPhase;
			files = (
			);
		};
		759BA96E2F84AE4C004F1504 /* Sources */ = {
			isa = PBXSourcesBuildPhase;
			files = (
			);
		};
		759BA9782F84AE4C004F1504 /* Sources */ = {
			isa = PBXSourcesBuildPhase;
			files = (
			);
		};
/* End PBXSourcesBuildPhase section */

/* Begin PBXTargetDependency section */
		759BA9742F84AE4C004F1504 /* PBXTargetDependency */ = {
			isa = PBXTargetDependency;
			target = 759BA9632F84AE4B004F1504 /* NuraSafe */;
			targetProxy = 759BA9732F84AE4C004F1504 /* PBXContainerItemProxy */;
		};
		759BA97E2F84AE4C004F1504 /* PBXTargetDependency */ = {
			isa = PBXTargetDependency;
			target = 759BA9632F84AE4B004F1504 /* NuraSafe */;
			targetProxy = 759BA97D2F84AE4C004F1504 /* PBXContainerItemProxy */;
		};
/* End PBXTargetDependency section */

/* Begin XCBuildConfiguration section */
		759BA9842F84AE4C004F1504 /* Debug configuration for PBXProject "NuraSafe" */ = {
			isa = XCBuildConfiguration;
			buildSettings = {
				ALWAYS_SEARCH_USER_PATHS = NO;
				ASSETCATALOG_COMPILER_GENERATE_SWIFT_ASSET_SYMBOL_EXTENSIONS = YES;
				CLANG_ANALYZER_NONNULL = YES;
				CLANG_ANALYZER_NUMBER_OBJECT_CONVERSION = YES_AGGRESSIVE;
				CLANG_CXX_LANGUAGE_STANDARD = "gnu++20";
				CLANG_ENABLE_MODULES = YES;
				CLANG_ENABLE_OBJC_ARC = YES;
				CLANG_ENABLE_OBJC_WEAK = YES;
				CLANG_WARN_BLOCK_CAPTURE_AUTORELEASING = YES;
				CLANG_WARN_BOOL_CONVERSION = YES;
				CLANG_WARN_COMMA = YES;
				CLANG_WARN_CONSTANT_CONVERSION = YES;
				CLANG_WARN_DEPRECATED_OBJC_IMPLEMENTATIONS = YES;
				CLANG_WARN_DIRECT_OBJC_ISA_USAGE = YES_ERROR;
				CLANG_WARN_DOCUMENTATION_COMMENTS = YES;
				CLANG_WARN_EMPTY_BODY = YES;
				CLANG_WARN_ENUM_CONVERSION = YES;
				CLANG_WARN_INFINITE_RECURSION = YES;
				CLANG_WARN_INT_CONVERSION = YES;
				CLANG_WARN_NON_LITERAL_NULL_CONVERSION = YES;
				CLANG_WARN_OBJC_IMPLICIT_RETAIN_SELF = YES;
				CLANG_WARN_OBJC_LITERAL_CONVERSION = YES;
				CLANG_WARN_OBJC_ROOT_CLASS = YES_ERROR;
				CLANG_WARN_QUOTED_INCLUDE_IN_FRAMEWORK_HEADER = YES;
				CLANG_WARN_RANGE_LOOP_ANALYSIS = YES;
				CLANG_WARN_STRICT_PROTOTYPES = YES;
				CLANG_WARN_SUSPICIOUS_MOVE = YES;
				CLANG_WARN_UNGUARDED_AVAILABILITY = YES_AGGRESSIVE;
				CLANG_WARN_UNREACHABLE_CODE = YES;
				CLANG_WARN__DUPLICATE_METHOD_MATCH = YES;
				COPY_PHASE_STRIP = NO;
				DEBUG_INFORMATION_FORMAT = dwarf;
				ENABLE_STRICT_OBJC_MSGSEND = YES;
				ENABLE_TESTABILITY = YES;
				ENABLE_USER_SCRIPT_SANDBOXING = YES;
				GCC_C_LANGUAGE_STANDARD = gnu17;
				GCC_DYNAMIC_NO_PIC = NO;
				GCC_NO_COMMON_BLOCKS = YES;
				GCC_OPTIMIZATION_LEVEL = 0;
				GCC_PREPROCESSOR_DEFINITIONS = (
					"DEBUG=1",
					"$(inherited)",
				);
				GCC_WARN_64_TO_32_BIT_CONVERSION = YES;
				GCC_WARN_ABOUT_RETURN_TYPE = YES_ERROR;
				GCC_WARN_UNDECLARED_SELECTOR = YES;
				GCC_WARN_UNINITIALIZED_AUTOS = YES_AGGRESSIVE;
				GCC_WARN_UNUSED_FUNCTION = YES;
				GCC_WARN_UNUSED_VARIABLE = YES;
				LOCALIZATION_PREFERS_STRING_CATALOGS = YES;
				MTL_ENABLE_DEBUG_INFO = INCLUDE_SOURCE;
				MTL_FAST_MATH = YES;
				ONLY_ACTIVE_ARCH = YES;
				SWIFT_ACTIVE_COMPILATION_CONDITIONS = "DEBUG $(inherited)";
				SWIFT_OPTIMIZATION_LEVEL = "-Onone";
			};
			name = Debug;
		};
		759BA9852F84AE4C004F1504 /* Release configuration for PBXProject "NuraSafe" */ = {
			isa = XCBuildConfiguration;
			buildSettings = {
				ALWAYS_SEARCH_USER_PATHS = NO;
				ASSETCATALOG_COMPILER_GENERATE_SWIFT_ASSET_SYMBOL_EXTENSIONS = YES;
				CLANG_ANALYZER_NONNULL = YES;
				CLANG_ANALYZER_NUMBER_OBJECT_CONVERSION = YES_AGGRESSIVE;
				CLANG_CXX_LANGUAGE_STANDARD = "gnu++20";
				CLANG_ENABLE_MODULES = YES;
				CLANG_ENABLE_OBJC_ARC = YES;
				CLANG_ENABLE_OBJC_WEAK = YES;
				CLANG_WARN_BLOCK_CAPTURE_AUTORELEASING = YES;
				CLANG_WARN_BOOL_CONVERSION = YES;
				CLANG_WARN_COMMA = YES;
				CLANG_WARN_CONSTANT_CONVERSION = YES;
				CLANG_WARN_DEPRECATED_OBJC_IMPLEMENTATIONS = YES;
				CLANG_WARN_DIRECT_OBJC_ISA_USAGE = YES_ERROR;
				CLANG_WARN_DOCUMENTATION_COMMENTS = YES;
				CLANG_WARN_EMPTY_BODY = YES;
				CLANG_WARN_ENUM_CONVERSION = YES;
				CLANG_WARN_INFINITE_RECURSION = YES;
				CLANG_WARN_INT_CONVERSION = YES;
				CLANG_WARN_NON_LITERAL_NULL_CONVERSION = YES;
				CLANG_WARN_OBJC_IMPLICIT_RETAIN_SELF = YES;
				CLANG_WARN_OBJC_LITERAL_CONVERSION = YES;
				CLANG_WARN_OBJC_ROOT_CLASS = YES_ERROR;
				CLANG_WARN_QUOTED_INCLUDE_IN_FRAMEWORK_HEADER = YES;
				CLANG_WARN_RANGE_LOOP_ANALYSIS = YES;
				CLANG_WARN_STRICT_PROTOTYPES = YES;
				CLANG_WARN_SUSPICIOUS_MOVE = YES;
				CLANG_WARN_UNGUARDED_AVAILABILITY = YES_AGGRESSIVE;
				CLANG_WARN_UNREACHABLE_CODE = YES;
				CLANG_WARN__DUPLICATE_METHOD_MATCH = YES;
				COPY_PHASE_STRIP = NO;
				DEBUG_INFORMATION_FORMAT = "dwarf-with-dsym";
				ENABLE_NS_ASSERTIONS = NO;
				ENABLE_STRICT_OBJC_MSGSEND = YES;
				ENABLE_USER_SCRIPT_SANDBOXING = YES;
				GCC_C_LANGUAGE_STANDARD = gnu17;
				GCC_NO_COMMON_BLOCKS = YES;
				GCC_WARN_64_TO_32_BIT_CONVERSION = YES;
				GCC_WARN_ABOUT_RETURN_TYPE = YES_ERROR;
				GCC_WARN_UNDECLARED_SELECTOR = YES;
				GCC_WARN_UNINITIALIZED_AUTOS = YES_AGGRESSIVE;
				GCC_WARN_UNUSED_FUNCTION = YES;
				GCC_WARN_UNUSED_VARIABLE = YES;
				LOCALIZATION_PREFERS_STRING_CATALOGS = YES;
				MTL_ENABLE_DEBUG_INFO = NO;
				MTL_FAST_MATH = YES;
				SWIFT_COMPILATION_MODE = wholemodule;
			};
			name = Release;
		};
		759BA9872F84AE4C004F1504 /* Debug configuration for PBXNativeTarget "NuraSafe" */ = {
			isa = XCBuildConfiguration;
			buildSettings = {
				ASSETCATALOG_COMPILER_APPICON_NAME = AppIcon;
				ASSETCATALOG_COMPILER_GLOBAL_ACCENT_COLOR_NAME = AccentColor;
				CODE_SIGN_ENTITLEMENTS = NuraSafe/NuraSafe.entitlements;
				"CODE_SIGN_IDENTITY[sdk=macosx*]" = "Apple Development";
				CODE_SIGN_STYLE = Automatic;
				CURRENT_PROJECT_VERSION = 4;
				DEVELOPMENT_TEAM = T8963XDL8K;
				ENABLE_PREVIEWS = YES;
				GENERATE_INFOPLIST_FILE = YES;
				"INFOPLIST_KEY_UIApplicationSceneManifest_Generation[sdk=iphoneos*]" = YES;
				"INFOPLIST_KEY_UIApplicationSceneManifest_Generation[sdk=iphonesimulator*]" = YES;
				"INFOPLIST_KEY_UIApplicationSupportsIndirectInputEvents[sdk=iphoneos*]" = YES;
				"INFOPLIST_KEY_UIApplicationSupportsIndirectInputEvents[sdk=iphonesimulator*]" = YES;
				"INFOPLIST_KEY_UILaunchScreen_Generation[sdk=iphoneos*]" = YES;
				"INFOPLIST_KEY_UILaunchScreen_Generation[sdk=iphonesimulator*]" = YES;
				"INFOPLIST_KEY_UIStatusBarStyle[sdk=iphoneos*]" = UIStatusBarStyleDefault;
				"INFOPLIST_KEY_UIStatusBarStyle[sdk=iphonesimulator*]" = UIStatusBarStyleDefault;
				INFOPLIST_KEY_UISupportedInterfaceOrientations_iPad = "UIInterfaceOrientationPortrait UIInterfaceOrientationPortraitUpsideDown UIInterfaceOrientationLandscapeLeft UIInterfaceOrientationLandscapeRight";
				INFOPLIST_KEY_UISupportedInterfaceOrientations_iPhone = "UIInterfaceOrientationPortrait UIInterfaceOrientationLandscapeLeft UIInterfaceOrientationLandscapeRight";
				IPHONEOS_DEPLOYMENT_TARGET = 18.5;
				LD_RUNPATH_SEARCH_PATHS = "@executable_path/Frameworks";
				"LD_RUNPATH_SEARCH_PATHS[sdk=macosx*]" = "@executable_path/../Frameworks";
				MACOSX_DEPLOYMENT_TARGET = 15.5;
				MARKETING_VERSION = 4;
				PRODUCT_BUNDLE_IDENTIFIER = io.axon86.NuraSafe;
				PRODUCT_NAME = "$(TARGET_NAME)";
				REGISTER_APP_GROUPS = YES;
				SDKROOT = auto;
				SUPPORTED_PLATFORMS = "iphoneos iphonesimulator macosx xros xrsimulator";
				SWIFT_EMIT_LOC_STRINGS = YES;
				SWIFT_VERSION = 5.0;
				TARGETED_DEVICE_FAMILY = "1,2,7";
				XROS_DEPLOYMENT_TARGET = 2.5;
			};
			name = Debug;
		};
		759BA9882F84AE4C004F1504 /* Release configuration for PBXNativeTarget "NuraSafe" */ = {
			isa = XCBuildConfiguration;
			buildSettings = {
				ASSETCATALOG_COMPILER_APPICON_NAME = AppIcon;
				ASSETCATALOG_COMPILER_GLOBAL_ACCENT_COLOR_NAME = AccentColor;
				CODE_SIGN_ENTITLEMENTS = NuraSafe/NuraSafe.entitlements;
				"CODE_SIGN_IDENTITY[sdk=macosx*]" = "Apple Development";
				CODE_SIGN_STYLE = Automatic;
				CURRENT_PROJECT_VERSION = 4;
				DEVELOPMENT_TEAM = T8963XDL8K;
				ENABLE_PREVIEWS = YES;
				GENERATE_INFOPLIST_FILE = YES;
				"INFOPLIST_KEY_UIApplicationSceneManifest_Generation[sdk=iphoneos*]" = YES;
				"INFOPLIST_KEY_UIApplicationSceneManifest_Generation[sdk=iphonesimulator*]" = YES;
				"INFOPLIST_KEY_UIApplicationSupportsIndirectInputEvents[sdk=iphoneos*]" = YES;
				"INFOPLIST_KEY_UIApplicationSupportsIndirectInputEvents[sdk=iphonesimulator*]" = YES;
				"INFOPLIST_KEY_UILaunchScreen_Generation[sdk=iphoneos*]" = YES;
				"INFOPLIST_KEY_UILaunchScreen_Generation[sdk=iphonesimulator*]" = YES;
				"INFOPLIST_KEY_UIStatusBarStyle[sdk=iphoneos*]" = UIStatusBarStyleDefault;
				"INFOPLIST_KEY_UIStatusBarStyle[sdk=iphonesimulator*]" = UIStatusBarStyleDefault;
				INFOPLIST_KEY_UISupportedInterfaceOrientations_iPad = "UIInterfaceOrientationPortrait UIInterfaceOrientationPortraitUpsideDown UIInterfaceOrientationLandscapeLeft UIInterfaceOrientationLandscapeRight";
				INFOPLIST_KEY_UISupportedInterfaceOrientations_iPhone = "UIInterfaceOrientationPortrait UIInterfaceOrientationLandscapeLeft UIInterfaceOrientationLandscapeRight";
				IPHONEOS_DEPLOYMENT_TARGET = 18.5;
				LD_RUNPATH_SEARCH_PATHS = "@executable_path/Frameworks";
				"LD_RUNPATH_SEARCH_PATHS[sdk=macosx*]" = "@executable_path/../Frameworks";
				MACOSX_DEPLOYMENT_TARGET = 15.5;
				MARKETING_VERSION = 4;
				PRODUCT_BUNDLE_IDENTIFIER = io.axon86.NuraSafe;
				PRODUCT_NAME = "$(TARGET_NAME)";
				REGISTER_APP_GROUPS = YES;
				SDKROOT = auto;
				SUPPORTED_PLATFORMS = "iphoneos iphonesimulator macosx xros xrsimulator";
				SWIFT_EMIT_LOC_STRINGS = YES;
				SWIFT_VERSION = 5.0;
				TARGETED_DEVICE_FAMILY = "1,2,7";
				XROS_DEPLOYMENT_TARGET = 2.5;
			};
			name = Release;
		};
		759BA98A2F84AE4C004F1504 /* Debug configuration for PBXNativeTarget "NuraSafeTests" */ = {
			isa = XCBuildConfiguration;
			buildSettings = {
				BUNDLE_LOADER = "$(TEST_HOST)";
				CODE_SIGN_STYLE = Automatic;
				CURRENT_PROJECT_VERSION = 1;
				GENERATE_INFOPLIST_FILE = YES;
				IPHONEOS_DEPLOYMENT_TARGET = 18.5;
				MACOSX_DEPLOYMENT_TARGET = 15.5;
				MARKETING_VERSION = 1.0;
				PRODUCT_BUNDLE_IDENTIFIER = io.axon86.NuraSafeTests;
				PRODUCT_NAME = "$(TARGET_NAME)";
				SDKROOT = auto;
				SUPPORTED_PLATFORMS = "iphoneos iphonesimulator macosx xros xrsimulator";
				SWIFT_EMIT_LOC_STRINGS = NO;
				SWIFT_VERSION = 5.0;
				TARGETED_DEVICE_FAMILY = "1,2,7";
				TEST_HOST = "$(BUILT_PRODUCTS_DIR)/NuraSafe.app/$(BUNDLE_EXECUTABLE_FOLDER_PATH)/NuraSafe";
				XROS_DEPLOYMENT_TARGET = 2.5;
			};
			name = Debug;
		};
		759BA98B2F84AE4C004F1504 /* Release configuration for PBXNativeTarget "NuraSafeTests" */ = {
			isa = XCBuildConfiguration;
			buildSettings = {
				BUNDLE_LOADER = "$(TEST_HOST)";
				CODE_SIGN_STYLE = Automatic;
				CURRENT_PROJECT_VERSION = 1;
				GENERATE_INFOPLIST_FILE = YES;
				IPHONEOS_DEPLOYMENT_TARGET = 18.5;
				MACOSX_DEPLOYMENT_TARGET = 15.5;
				MARKETING_VERSION = 1.0;
				PRODUCT_BUNDLE_IDENTIFIER = io.axon86.NuraSafeTests;
				PRODUCT_NAME = "$(TARGET_NAME)";
				SDKROOT = auto;
				SUPPORTED_PLATFORMS = "iphoneos iphonesimulator macosx xros xrsimulator";
				SWIFT_EMIT_LOC_STRINGS = NO;
				SWIFT_VERSION = 5.0;
				TARGETED_DEVICE_FAMILY = "1,2,7";
				TEST_HOST = "$(BUILT_PRODUCTS_DIR)/NuraSafe.app/$(BUNDLE_EXECUTABLE_FOLDER_PATH)/NuraSafe";
				XROS_DEPLOYMENT_TARGET = 2.5;
			};
			name = Release;
		};
		759BA98D2F84AE4C004F1504 /* Debug configuration for PBXNativeTarget "NuraSafeUITests" */ = {
			isa = XCBuildConfiguration;
			buildSettings = {
				CODE_SIGN_STYLE = Automatic;
				CURRENT_PROJECT_VERSION = 1;
				GENERATE_INFOPLIST_FILE = YES;
				IPHONEOS_DEPLOYMENT_TARGET = 18.5;
				MACOSX_DEPLOYMENT_TARGET = 15.5;
				MARKETING_VERSION = 1.0;
				PRODUCT_BUNDLE_IDENTIFIER = io.axon86.NuraSafeUITests;
				PRODUCT_NAME = "$(TARGET_NAME)";
				SDKROOT = auto;
				SUPPORTED_PLATFORMS = "iphoneos iphonesimulator macosx xros xrsimulator";
				SWIFT_EMIT_LOC_STRINGS = NO;
				SWIFT_VERSION = 5.0;
				TARGETED_DEVICE_FAMILY = "1,2,7";
				TEST_TARGET_NAME = NuraSafe;
				XROS_DEPLOYMENT_TARGET = 2.5;
			};
			name = Debug;
		};
		759BA98E2F84AE4C004F1504 /* Release configuration for PBXNativeTarget "NuraSafeUITests" */ = {
			isa = XCBuildConfiguration;
			buildSettings = {
				CODE_SIGN_STYLE = Automatic;
				CURRENT_PROJECT_VERSION = 1;
				GENERATE_INFOPLIST_FILE = YES;
				IPHONEOS_DEPLOYMENT_TARGET = 18.5;
				MACOSX_DEPLOYMENT_TARGET = 15.5;
				MARKETING_VERSION = 1.0;
				PRODUCT_BUNDLE_IDENTIFIER = io.axon86.NuraSafeUITests;
				PRODUCT_NAME = "$(TARGET_NAME)";
				SDKROOT = auto;
				SUPPORTED_PLATFORMS = "iphoneos iphonesimulator macosx xros xrsimulator";
				SWIFT_EMIT_LOC_STRINGS = NO;
				SWIFT_VERSION = 5.0;
				TARGETED_DEVICE_FAMILY = "1,2,7";
				TEST_TARGET_NAME = NuraSafe;
				XROS_DEPLOYMENT_TARGET = 2.5;
			};
			name = Release;
		};
/* End XCBuildConfiguration section */

/* Begin XCConfigurationList section */
		759BA95F2F84AE4B004F1504 /* Build configuration list for PBXProject "NuraSafe" */ = {
			isa = XCConfigurationList;
			buildConfigurations = (
				759BA9842F84AE4C004F1504 /* Debug configuration for PBXProject "NuraSafe" */,
				759BA9852F84AE4C004F1504 /* Release configuration for PBXProject "NuraSafe" */,
			);
			defaultConfigurationName = Release;
		};
		759BA9862F84AE4C004F1504 /* Build configuration list for PBXNativeTarget "NuraSafe" */ = {
			isa = XCConfigurationList;
			buildConfigurations = (
				759BA9872F84AE4C004F1504 /* Debug configuration for PBXNativeTarget "NuraSafe" */,
				759BA9882F84AE4C004F1504 /* Release configuration for PBXNativeTarget "NuraSafe" */,
			);
			defaultConfigurationName = Release;
		};
		759BA9892F84AE4C004F1504 /* Build configuration list for PBXNativeTarget "NuraSafeTests" */ = {
			isa = XCConfigurationList;
			buildConfigurations = (
				759BA98A2F84AE4C004F1504 /* Debug configuration for PBXNativeTarget "NuraSafeTests" */,
				759BA98B2F84AE4C004F1504 /* Release configuration for PBXNativeTarget "NuraSafeTests" */,
			);
			defaultConfigurationName = Release;
		};
		759BA98C2F84AE4C004F1504 /* Build configuration list for PBXNativeTarget "NuraSafeUITests" */ = {
			isa = XCConfigurationList;
			buildConfigurations = (
				759BA98D2F84AE4C004F1504 /* Debug configuration for PBXNativeTarget "NuraSafeUITests" */,
				759BA98E2F84AE4C004F1504 /* Release configuration for PBXNativeTarget "NuraSafeUITests" */,
			);
			defaultConfigurationName = Release;
		};
/* End XCConfigurationList section */

/* Begin XCLocalSwiftPackageReference section */
		754FB9182F852AB10031410B /* XCLocalSwiftPackageReference "LocalPackages/LLM" */ = {
			isa = XCLocalSwiftPackageReference;
			relativePath = LocalPackages/LLM;
		};
/* End XCLocalSwiftPackageReference section */

/* Begin XCRemoteSwiftPackageReference section */
		75C0A0012F852AB100314100 /* XCRemoteSwiftPackageReference "objectbox-swift-spm" */ = {
			isa = XCRemoteSwiftPackageReference;
			repositoryURL = "https://github.com/objectbox/objectbox-swift-spm.git";
			requirement = {
				kind = upToNextMajorVersion;
				minimumVersion = 5.2.0;
			};
		};
/* End XCRemoteSwiftPackageReference section */

/* Begin XCSwiftPackageProductDependency section */
		754FB9192F852AB10031410B /* LLM */ = {
			isa = XCSwiftPackageProductDependency;
			package = 754FB9182F852AB10031410B /* XCLocalSwiftPackageReference "LocalPackages/LLM" */;
			productName = LLM;
		};
		75C0A0022F852AB100314101 /* ObjectBox.xcframework */ = {
			isa = XCSwiftPackageProductDependency;
			package = 75C0A0012F852AB100314100 /* XCRemoteSwiftPackageReference "objectbox-swift-spm" */;
			productName = ObjectBox.xcframework;
		};
/* End XCSwiftPackageProductDependency section */
	};
	rootObject = 759BA95C2F84AE4B004F1504 /* Project object */;
}
